{
  "version": 4,
  "terraform_version": "1.0.7",
  "serial": 1,
  "lineage": "393a8dec-b415-9075-3478-4bddb55445a6",
  "outputs": {},
  "resources": [
    {
      "mode": "managed",
      "type": "aws_ecs_cluster",
      "name": "ecs_terraform",
      "provider": "provider[\"registry.terraform.io/hashicorp/aws\"]",
      "instances": [
        {
          "schema_version": 0,
          "attributes": {
            "arn": "arn:aws:ecs:us-east-1:257357154520:cluster/terraform_cluster",
            "capacity_providers": [
              "FARGATE"
            ],
            "configuration": [],
            "default_capacity_provider_strategy": [],
            "id": "arn:aws:ecs:us-east-1:257357154520:cluster/terraform_cluster",
            "name": "terraform_cluster",
            "setting": [
              {
                "name": "containerInsights",
                "value": "disabled"
              }
            ],
            "tags": null,
            "tags_all": {}
          },
          "sensitive_attributes": [],
          "private": "bnVsbA=="
        }
      ]
    }
  ]
}
